
Microsoft Visual Studio Solution File, Format Version 12.00
# Visual Studio Version 17
VisualStudioVersion = 17.4.33213.308
MinimumVisualStudioVersion = 10.0.40219.1
Project("{FAE04EC0-301F-11D3-BF4B-00C04F79EFBC}") = "Loft.RPGGame.WebAPI", "Loft.RPGGame.WebAPI\Loft.RPGGame.WebAPI.csproj", "{502724A1-8E95-4F31-B264-0CF5FB8DA319}"
EndProject
Project("{FAE04EC0-301F-11D3-BF4B-00C04F79EFBC}") = "Loft.RPGGame.Domain", "Loft.RPGGame.Domain\Loft.RPGGame.Domain.csproj", "{D520364E-9C05-4560-B0B6-80013621476A}"
EndProject
Project("{FAE04EC0-301F-11D3-BF4B-00C04F79EFBC}") = "Loft.RPGGame.Infrastructure", "Loft.RPGGame.Infrastructure\Loft.RPGGame.Infrastructure.csproj", "{5E43C7BE-D3CF-4BA9-8C2A-BFB3F73EDAE0}"
EndProject
Project("{FAE04EC0-301F-11D3-BF4B-00C04F79EFBC}") = "Loft.RPGGame.Application", "Loft.RPGGame.Application\Loft.RPGGame.Application.csproj", "{9C38E7AD-1617-456B-BB45-FC3E4C920648}"
EndProject
Project("{FAE04EC0-301F-11D3-BF4B-00C04F79EFBC}") = "Loft.RPGGame.Tests", "Loft.RPGGame.Tests\Loft.RPGGame.Tests.csproj", "{5A5167AB-481B-4EA9-9CEF-12B5D1AE28E8}"
EndProject
Global
	GlobalSection(SolutionConfigurationPlatforms) = preSolution
		Debug|Any CPU = Debug|Any CPU
		Release|Any CPU = Release|Any CPU
	EndGlobalSection
	GlobalSection(ProjectConfigurationPlatforms) = postSolution
		{502724A1-8E95-4F31-B264-0CF5FB8DA319}.Debug|Any CPU.ActiveCfg = Debug|Any CPU
		{502724A1-8E95-4F31-B264-0CF5FB8DA319}.Debug|Any CPU.Build.0 = Debug|Any CPU
		{502724A1-8E95-4F31-B264-0CF5FB8DA319}.Release|Any CPU.ActiveCfg = Release|Any CPU
		{502724A1-8E95-4F31-B264-0CF5FB8DA319}.Release|Any CPU.Build.0 = Release|Any CPU
		{D520364E-9C05-4560-B0B6-80013621476A}.Debug|Any CPU.ActiveCfg = Debug|Any CPU
		{D520364E-9C05-4560-B0B6-80013621476A}.Debug|Any CPU.Build.0 = Debug|Any CPU
		{D520364E-9C05-4560-B0B6-80013621476A}.Release|Any CPU.ActiveCfg = Release|Any CPU
		{D520364E-9C05-4560-B0B6-80013621476A}.Release|Any CPU.Build.0 = Release|Any CPU
		{5E43C7BE-D3CF-4BA9-8C2A-BFB3F73EDAE0}.Debug|Any CPU.ActiveCfg = Debug|Any CPU
		{5E43C7BE-D3CF-4BA9-8C2A-BFB3F73EDAE0}.Debug|Any CPU.Build.0 = Debug|Any CPU
		{5E43C7BE-D3CF-4BA9-8C2A-BFB3F73EDAE0}.Release|Any CPU.ActiveCfg = Release|Any CPU
		{5E43C7BE-D3CF-4BA9-8C2A-BFB3F73EDAE0}.Release|Any CPU.Build.0 = Release|Any CPU
		{9C38E7AD-1617-456B-BB45-FC3E4C920648}.Debug|Any CPU.ActiveCfg = Debug|Any CPU
		{9C38E7AD-1617-456B-BB45-FC3E4C920648}.Debug|Any CPU.Build.0 = Debug|Any CPU
		{9C38E7AD-1617-456B-BB45-FC3E4C920648}.Release|Any CPU.ActiveCfg = Release|Any CPU
		{9C38E7AD-1617-456B-BB45-FC3E4C920648}.Release|Any CPU.Build.0 = Release|Any CPU
		{5A5167AB-481B-4EA9-9CEF-12B5D1AE28E8}.Debug|Any CPU.ActiveCfg = Debug|Any CPU
		{5A5167AB-481B-4EA9-9CEF-12B5D1AE28E8}.Debug|Any CPU.Build.0 = Debug|Any CPU
		{5A5167AB-481B-4EA9-9CEF-12B5D1AE28E8}.Release|Any CPU.ActiveCfg = Release|Any CPU
		{5A5167AB-481B-4EA9-9CEF-12B5D1AE28E8}.Release|Any CPU.Build.0 = Release|Any CPU
	EndGlobalSection
	GlobalSection(SolutionProperties) = preSolution
		HideSolutionNode = FALSE
	EndGlobalSection
	GlobalSection(ExtensibilityGlobals) = postSolution
		SolutionGuid = {0990FB25-A923-4733-8531-F657029854A7}
	EndGlobalSection
EndGlobal
